{
  "name": "infinity-arcade-jay",
  "lockfileVersion": 3,
  "requires": true,
  "packages": {
    "": {
      "name": "infinity-arcade-jay",
      "devDependencies": {
        "@icp-sdk/ic-wasm": "^0.9.10",
        "@icp-sdk/icp-cli": "^0.2.5"
      }
    },
    "node_modules/@icp-sdk/ic-wasm": {
      "version": "0.9.10",
      "resolved": "https://registry.npmjs.org/@icp-sdk/ic-wasm/-/ic-wasm-0.9.10.tgz",
      "integrity": "sha512-3yftKACwA+uIQ6yQqaSrzoVZev1ryPJi3CSCs9T3OBT1Gx2PsM9GlbJypktPgAG2K0TNVuNS+rJI3UEMaCIVlQ==",
      "dev": true,
      "hasInstallScript": true,
      "license": "Apache-2.0",
      "bin": {
        "ic-wasm": "bin/ic-wasm.js"
      },
      "engines": {
        "node": ">=18.0.0"
      },
      "optionalDependencies": {
        "@icp-sdk/ic-wasm-darwin-arm64": "0.9.10",
        "@icp-sdk/ic-wasm-darwin-x64": "0.9.10",
        "@icp-sdk/ic-wasm-linux-arm64": "0.9.10",
        "@icp-sdk/ic-wasm-linux-x64": "0.9.10",
        "@icp-sdk/ic-wasm-win32-x64": "0.9.10"
      }
    },
    "node_modules/@icp-sdk/ic-wasm-darwin-arm64": {
      "version": "0.9.10",
      "resolved": "https://registry.npmjs.org/@icp-sdk/ic-wasm-darwin-arm64/-/ic-wasm-darwin-arm64-0.9.10.tgz",
      "integrity": "sha512-BsYCRkpFbvCvYjY9EfrMIn9RNlEM8DUQ9nKhtYN4/+Rx90Jv58pg9YEQVrbh17/My4tvrOR5N/Z4mYnLH1fKtQ==",
      "cpu": [
        "arm64"
      ],
      "dev": true,
      "license": "Apache-2.0",
      "optional": true,
      "os": [
        "darwin"
      ]
    },
    "node_modules/@icp-sdk/ic-wasm-darwin-x64": {
      "version": "0.9.10",
      "resolved": "https://registry.npmjs.org/@icp-sdk/ic-wasm-darwin-x64/-/ic-wasm-darwin-x64-0.9.10.tgz",
      "integrity": "sha512-5H4MlVVXDgmAWFoS6+AWSjGW/e1CUqBOTLID8mWQFWXCxcrzMxeTRjj5apLUwxeyrRWKBSpFn9nAIzOquXFLCw==",
      "cpu": [
        "x64"
      ],
      "dev": true,
      "license": "Apache-2.0",
      "optional": true,
      "os": [
        "darwin"
      ]
    },
    "node_modules/@icp-sdk/ic-wasm-linux-arm64": {
      "version": "0.9.10",
      "resolved": "https://registry.npmjs.org/@icp-sdk/ic-wasm-linux-arm64/-/ic-wasm-linux-arm64-0.9.10.tgz",
      "integrity": "sha512-iWgwVQ5Di5FQqkCxrj5hi4CcInq9JcpPhGXMvns2o67lQrUpQzKidTdwlUAadVE1NwtuGlQLgDV9QiLbHZn8WQ==",
      "cpu": [
        "arm64"
      ],
      "dev": true,
      "license": "Apache-2.0",
      "optional": true,
      "os": [
        "linux"
      ]
    },
    "node_modules/@icp-sdk/ic-wasm-linux-x64": {
      "version": "0.9.10",
      "resolved": "https://registry.npmjs.org/@icp-sdk/ic-wasm-linux-x64/-/ic-wasm-linux-x64-0.9.10.tgz",
      "integrity": "sha512-zwMYBPudxdVGFGIg48jBX/SbHvMJm2mqOGdhTuNBhzUBQWRAiCN/m1qQ+ufcHmljaXl/wpJXKPGyaG3vVnvAVQ==",
      "cpu": [
        "x64"
      ],
      "dev": true,
      "license": "Apache-2.0",
      "optional": true,
      "os": [
        "linux"
      ]
    },
    "node_modules/@icp-sdk/ic-wasm-win32-x64": {
      "version": "0.9.10",
      "resolved": "https://registry.npmjs.org/@icp-sdk/ic-wasm-win32-x64/-/ic-wasm-win32-x64-0.9.10.tgz",
      "integrity": "sha512-6/ntL6S1HsweQyxZje2QWLwGOZX2ufq0nYd2jpAEdajKrXLVSYzUVJ/8hIWSQ4zSIAdlltltooEUNvy1S/EzBQ==",
      "cpu": [
        "x64"
      ],
      "dev": true,
      "license": "Apache-2.0",
      "optional": true,
      "os": [
        "win32"
      ]
    },
    "node_modules/@icp-sdk/icp-cli": {
      "version": "0.2.5",
      "resolved": "https://registry.npmjs.org/@icp-sdk/icp-cli/-/icp-cli-0.2.5.tgz",
      "integrity": "sha512-oPfjwFrqBrVnDMaJWNjp8OLWbv35DxhWXg5FUrOmcaqQQ7+dvsF02MrMx1jx6zsFYk4Tx13k9IapSckCJM4fJg==",
      "dev": true,
      "hasInstallScript": true,
      "license": "Apache-2.0",
      "bin": {
        "icp": "bin/icp.js"
      },
      "engines": {
        "node": ">=18.0.0"
      },
      "optionalDependencies": {
        "@icp-sdk/icp-cli-darwin-arm64": "0.2.5",
        "@icp-sdk/icp-cli-darwin-x64": "0.2.5",
        "@icp-sdk/icp-cli-linux-arm64": "0.2.5",
        "@icp-sdk/icp-cli-linux-x64": "0.2.5",
        "@icp-sdk/icp-cli-win32-x64": "0.2.5"
      }
    },
    "node_modules/@icp-sdk/icp-cli-darwin-arm64": {
      "version": "0.2.5",
      "resolved": "https://registry.npmjs.org/@icp-sdk/icp-cli-darwin-arm64/-/icp-cli-darwin-arm64-0.2.5.tgz",
      "integrity": "sha512-72oIY+ixMifon/shQGK6fdzkTj5jTNRrgNZk6tXur28y411bUSESopU+xd2dANxu8O2AqH4J0DYjSFHWRUaAFQ==",
      "cpu": [
        "arm64"
      ],
      "dev": true,
      "license": "Apache-2.0",
      "optional": true,
      "os": [
        "darwin"
      ]
    },
    "node_modules/@icp-sdk/icp-cli-darwin-x64": {
      "version": "0.2.5",
      "resolved": "https://registry.npmjs.org/@icp-sdk/icp-cli-darwin-x64/-/icp-cli-darwin-x64-0.2.5.tgz",
      "integrity": "sha512-Dhw0PcT+qgqR8jogb1GlWFpFTeBqX4pvNCRrTug6HvUKtEjH9pQZZdAO5HOg9WFsWxO2TCO/On9bsVwx2id3dw==",
      "cpu": [
        "x64"
      ],
      "dev": true,
      "license": "Apache-2.0",
      "optional": true,
      "os": [
        "darwin"
      ]
    },
    "node_modules/@icp-sdk/icp-cli-linux-arm64": {
      "version": "0.2.5",
      "resolved": "https://registry.npmjs.org/@icp-sdk/icp-cli-linux-arm64/-/icp-cli-linux-arm64-0.2.5.tgz",
      "integrity": "sha512-eag5RwSlyM1dOwzmgEI0VQ40cpdje1WS+zXzwUWMtVok3I0dT7/EX/FMl0dKHU6BLloB+LGfbO1o3fQK7owLSQ==",
      "cpu": [
        "arm64"
      ],
      "dev": true,
      "license": "Apache-2.0",
      "optional": true,
      "os": [
        "linux"
      ]
    },
    "node_modules/@icp-sdk/icp-cli-linux-x64": {
      "version": "0.2.5",
      "resolved": "https://registry.npmjs.org/@icp-sdk/icp-cli-linux-x64/-/icp-cli-linux-x64-0.2.5.tgz",
      "integrity": "sha512-/fKr2fWUQlO3LNCP2+2XLJzY03EonQXWARKALia1pGrGiDCOGjiSAx1IdHI7mJ8dcGvoMSYFZrZ9KKaBVEJogw==",
      "cpu": [
        "x64"
      ],
      "dev": true,
      "license": "Apache-2.0",
      "optional": true,
      "os": [
        "linux"
      ]
    },
    "node_modules/@icp-sdk/icp-cli-win32-x64": {
      "version": "0.2.5",
      "resolved": "https://registry.npmjs.org/@icp-sdk/icp-cli-win32-x64/-/icp-cli-win32-x64-0.2.5.tgz",
      "integrity": "sha512-TH/P0DhH0EN1Zxp1qRwrDQeb8mgqDH2VWlDclSqIUWGVIUrh5eJ0OnJMwFPP4gkitKCloHrjJu2z+hDXd4KSOw==",
      "cpu": [
        "x64"
      ],
      "dev": true,
      "license": "Apache-2.0",
      "optional": true,
      "os": [
        "win32"
      ]
    }
  }
}
